
Microsoft Visual Studio Solution File, Format Version 12.00
# Visual Studio 15
VisualStudioVersion = 15.0.28010.2046
MinimumVisualStudioVersion = 10.0.40219.1
Project("{151D2E53-A2C4-4D7D-83FE-D05416EBD58E}") = "LogicApp-elxlgangcfiledispatcher01", "LogicApp-elxlgadvnengcfiledispatcher01\LogicApp-elxlgangcfiledispatcher01.deployproj", "{C3A0FF0C-DEA4-4645-80F6-1227117FEC07}"
EndProject
Global
	GlobalSection(SolutionConfigurationPlatforms) = preSolution
		Debug|Any CPU = Debug|Any CPU
		Release|Any CPU = Release|Any CPU
	EndGlobalSection
	GlobalSection(ProjectConfigurationPlatforms) = postSolution
		{C3A0FF0C-DEA4-4645-80F6-1227117FEC07}.Debug|Any CPU.ActiveCfg = Debug|Any CPU
		{C3A0FF0C-DEA4-4645-80F6-1227117FEC07}.Debug|Any CPU.Build.0 = Debug|Any CPU
		{C3A0FF0C-DEA4-4645-80F6-1227117FEC07}.Release|Any CPU.ActiveCfg = Release|Any CPU
		{C3A0FF0C-DEA4-4645-80F6-1227117FEC07}.Release|Any CPU.Build.0 = Release|Any CPU
	EndGlobalSection
	GlobalSection(SolutionProperties) = preSolution
		HideSolutionNode = FALSE
	EndGlobalSection
	GlobalSection(ExtensibilityGlobals) = postSolution
		SolutionGuid = {18D32935-BD83-414E-9C32-541C37D422D0}
	EndGlobalSection
EndGlobal
